
Microsoft Visual Studio Solution File, Format Version 12.00
# Visual Studio Version 17
VisualStudioVersion = 17.6.33815.320
MinimumVisualStudioVersion = 10.0.40219.1
Project("{FAE04EC0-301F-11D3-BF4B-00C04F79EFBC}") = "LogIn1", "LogIn1\LogIn1.csproj", "{0F843F1A-E876-434C-8325-F058DCE7B2A9}"
EndProject
Project("{54435603-DBB4-11D2-8724-00A0C9A8B90C}") = "LogIN", "LogIN\LogIN.vdproj", "{5426801A-B390-45C8-9811-8C8CEBCAA6D8}"
EndProject
Global
	GlobalSection(SolutionConfigurationPlatforms) = preSolution
		Debug|Any CPU = Debug|Any CPU
		Release|Any CPU = Release|Any CPU
	EndGlobalSection
	GlobalSection(ProjectConfigurationPlatforms) = postSolution
		{0F843F1A-E876-434C-8325-F058DCE7B2A9}.Debug|Any CPU.ActiveCfg = Debug|Any CPU
		{0F843F1A-E876-434C-8325-F058DCE7B2A9}.Debug|Any CPU.Build.0 = Debug|Any CPU
		{0F843F1A-E876-434C-8325-F058DCE7B2A9}.Release|Any CPU.ActiveCfg = Release|Any CPU
		{0F843F1A-E876-434C-8325-F058DCE7B2A9}.Release|Any CPU.Build.0 = Release|Any CPU
		{5426801A-B390-45C8-9811-8C8CEBCAA6D8}.Debug|Any CPU.ActiveCfg = Debug
		{5426801A-B390-45C8-9811-8C8CEBCAA6D8}.Release|Any CPU.ActiveCfg = Release
	EndGlobalSection
	GlobalSection(SolutionProperties) = preSolution
		HideSolutionNode = FALSE
	EndGlobalSection
	GlobalSection(ExtensibilityGlobals) = postSolution
		SolutionGuid = {47B0DFDA-2614-446F-BE04-138545944D1D}
	EndGlobalSection
EndGlobal
